
Microsoft Visual Studio Solution File, Format Version 12.00
# Visual Studio Version 17
VisualStudioVersion = 17.9.34728.123
MinimumVisualStudioVersion = 10.0.40219.1
Project("{FAE04EC0-301F-11D3-BF4B-00C04F79EFBC}") = "LR9_Chupyna_ASP_402", "LR9_Chupyna_ASP_402\LR9_Chupyna_ASP_402.csproj", "{EA2E55D1-0D55-47CE-80B5-7900D010BD52}"
EndProject
Global
	GlobalSection(SolutionConfigurationPlatforms) = preSolution
		Debug|Any CPU = Debug|Any CPU
		Release|Any CPU = Release|Any CPU
	EndGlobalSection
	GlobalSection(ProjectConfigurationPlatforms) = postSolution
		{EA2E55D1-0D55-47CE-80B5-7900D010BD52}.Debug|Any CPU.ActiveCfg = Debug|Any CPU
		{EA2E55D1-0D55-47CE-80B5-7900D010BD52}.Debug|Any CPU.Build.0 = Debug|Any CPU
		{EA2E55D1-0D55-47CE-80B5-7900D010BD52}.Release|Any CPU.ActiveCfg = Release|Any CPU
		{EA2E55D1-0D55-47CE-80B5-7900D010BD52}.Release|Any CPU.Build.0 = Release|Any CPU
	EndGlobalSection
	GlobalSection(SolutionProperties) = preSolution
		HideSolutionNode = FALSE
	EndGlobalSection
	GlobalSection(ExtensibilityGlobals) = postSolution
		SolutionGuid = {99881BCD-B9C4-4CFC-88BE-4AC3BE228096}
	EndGlobalSection
EndGlobal
