
Microsoft Visual Studio Solution File, Format Version 12.00
# Visual Studio Version 17
VisualStudioVersion = 17.9.34728.123
MinimumVisualStudioVersion = 10.0.40219.1
Project("{FAE04EC0-301F-11D3-BF4B-00C04F79EFBC}") = "LR3_Chupyna_ASP_402", "LR3_Chupyna_ASP_402\LR3_Chupyna_ASP_402.csproj", "{9EA1BA0A-8385-4374-B838-E9117A66A238}"
EndProject
Global
	GlobalSection(SolutionConfigurationPlatforms) = preSolution
		Debug|Any CPU = Debug|Any CPU
		Release|Any CPU = Release|Any CPU
	EndGlobalSection
	GlobalSection(ProjectConfigurationPlatforms) = postSolution
		{9EA1BA0A-8385-4374-B838-E9117A66A238}.Debug|Any CPU.ActiveCfg = Debug|Any CPU
		{9EA1BA0A-8385-4374-B838-E9117A66A238}.Debug|Any CPU.Build.0 = Debug|Any CPU
		{9EA1BA0A-8385-4374-B838-E9117A66A238}.Release|Any CPU.ActiveCfg = Release|Any CPU
		{9EA1BA0A-8385-4374-B838-E9117A66A238}.Release|Any CPU.Build.0 = Release|Any CPU
	EndGlobalSection
	GlobalSection(SolutionProperties) = preSolution
		HideSolutionNode = FALSE
	EndGlobalSection
	GlobalSection(ExtensibilityGlobals) = postSolution
		SolutionGuid = {E2D0D2FA-5A82-4532-A644-36AC0A07B51D}
	EndGlobalSection
EndGlobal
